
Microsoft Visual Studio Solution File, Format Version 12.00
# Visual Studio Version 17
VisualStudioVersion = 17.5.33530.505
MinimumVisualStudioVersion = 10.0.40219.1
Project("{FAE04EC0-301F-11D3-BF4B-00C04F79EFBC}") = "IBC_Management_System", "IBC_Management_System.csproj", "{FEA0A6D1-47F1-4E13-9D9B-73EC0AB4F7A7}"
EndProject
Global
	GlobalSection(SolutionConfigurationPlatforms) = preSolution
		Debug|Any CPU = Debug|Any CPU
		Release|Any CPU = Release|Any CPU
	EndGlobalSection
	GlobalSection(ProjectConfigurationPlatforms) = postSolution
		{FEA0A6D1-47F1-4E13-9D9B-73EC0AB4F7A7}.Debug|Any CPU.ActiveCfg = Debug|Any CPU
		{FEA0A6D1-47F1-4E13-9D9B-73EC0AB4F7A7}.Debug|Any CPU.Build.0 = Debug|Any CPU
		{FEA0A6D1-47F1-4E13-9D9B-73EC0AB4F7A7}.Release|Any CPU.ActiveCfg = Release|Any CPU
		{FEA0A6D1-47F1-4E13-9D9B-73EC0AB4F7A7}.Release|Any CPU.Build.0 = Release|Any CPU
	EndGlobalSection
	GlobalSection(SolutionProperties) = preSolution
		HideSolutionNode = FALSE
	EndGlobalSection
	GlobalSection(ExtensibilityGlobals) = postSolution
		SolutionGuid = {8E8CF81A-EA99-46EB-8724-0188D442AC2A}
	EndGlobalSection
EndGlobal
